
Microsoft Visual Studio Solution File, Format Version 12.00
# Visual Studio 14
VisualStudioVersion = 14.0.23107.0
MinimumVisualStudioVersion = 10.0.40219.1
Project("{FAE04EC0-301F-11D3-BF4B-00C04F79EFBC}") = "Async", "Async\Async.csproj", "{E165AF1D-D33E-41CB-99AE-8AE5B35EC45E}"
EndProject
Project("{FAE04EC0-301F-11D3-BF4B-00C04F79EFBC}") = "WebAPI", "..\WebAPI\WebAPI.csproj", "{D238142A-6803-4165-B20B-EEEF056FF70B}"
EndProject
Project("{FAE04EC0-301F-11D3-BF4B-00C04F79EFBC}") = "Sources", "Sources\Sources.csproj", "{3E33C9D9-E14E-489B-8CAE-2A603C4CB72E}"
EndProject
Global
	GlobalSection(SolutionConfigurationPlatforms) = preSolution
		Debug|Any CPU = Debug|Any CPU
		Release|Any CPU = Release|Any CPU
	EndGlobalSection
	GlobalSection(ProjectConfigurationPlatforms) = postSolution
		{E165AF1D-D33E-41CB-99AE-8AE5B35EC45E}.Debug|Any CPU.ActiveCfg = Debug|Any CPU
		{E165AF1D-D33E-41CB-99AE-8AE5B35EC45E}.Debug|Any CPU.Build.0 = Debug|Any CPU
		{E165AF1D-D33E-41CB-99AE-8AE5B35EC45E}.Release|Any CPU.ActiveCfg = Release|Any CPU
		{E165AF1D-D33E-41CB-99AE-8AE5B35EC45E}.Release|Any CPU.Build.0 = Release|Any CPU
		{D238142A-6803-4165-B20B-EEEF056FF70B}.Debug|Any CPU.ActiveCfg = Debug|Any CPU
		{D238142A-6803-4165-B20B-EEEF056FF70B}.Debug|Any CPU.Build.0 = Debug|Any CPU
		{D238142A-6803-4165-B20B-EEEF056FF70B}.Release|Any CPU.ActiveCfg = Release|Any CPU
		{D238142A-6803-4165-B20B-EEEF056FF70B}.Release|Any CPU.Build.0 = Release|Any CPU
		{3E33C9D9-E14E-489B-8CAE-2A603C4CB72E}.Debug|Any CPU.ActiveCfg = Debug|Any CPU
		{3E33C9D9-E14E-489B-8CAE-2A603C4CB72E}.Debug|Any CPU.Build.0 = Debug|Any CPU
		{3E33C9D9-E14E-489B-8CAE-2A603C4CB72E}.Release|Any CPU.ActiveCfg = Release|Any CPU
		{3E33C9D9-E14E-489B-8CAE-2A603C4CB72E}.Release|Any CPU.Build.0 = Release|Any CPU
	EndGlobalSection
	GlobalSection(SolutionProperties) = preSolution
		HideSolutionNode = FALSE
	EndGlobalSection
EndGlobal
