
Microsoft Visual Studio Solution File, Format Version 12.00
# Visual Studio 14
VisualStudioVersion = 14.0.24720.0
MinimumVisualStudioVersion = 10.0.40219.1
Project("{FAE04EC0-301F-11D3-BF4B-00C04F79EFBC}") = "IQueryable", "IQueryable\IQueryable.csproj", "{7AAA3228-3127-4EB4-B345-ADECC7F1F6E4}"
EndProject
Project("{FAE04EC0-301F-11D3-BF4B-00C04F79EFBC}") = "WebAPI", "WebAPI\WebAPI.csproj", "{91CE5C8F-B816-4727-8ACC-8E00B0CC4B3F}"
EndProject
Project("{FAE04EC0-301F-11D3-BF4B-00C04F79EFBC}") = "CommonEntities", "CommonEntities\CommonEntities.csproj", "{C1D7EAE4-475D-4803-B581-BA990E6F07A1}"
EndProject
Global
	GlobalSection(SolutionConfigurationPlatforms) = preSolution
		Debug|Any CPU = Debug|Any CPU
		Release|Any CPU = Release|Any CPU
	EndGlobalSection
	GlobalSection(ProjectConfigurationPlatforms) = postSolution
		{7AAA3228-3127-4EB4-B345-ADECC7F1F6E4}.Debug|Any CPU.ActiveCfg = Debug|Any CPU
		{7AAA3228-3127-4EB4-B345-ADECC7F1F6E4}.Debug|Any CPU.Build.0 = Debug|Any CPU
		{7AAA3228-3127-4EB4-B345-ADECC7F1F6E4}.Release|Any CPU.ActiveCfg = Release|Any CPU
		{7AAA3228-3127-4EB4-B345-ADECC7F1F6E4}.Release|Any CPU.Build.0 = Release|Any CPU
		{91CE5C8F-B816-4727-8ACC-8E00B0CC4B3F}.Debug|Any CPU.ActiveCfg = Debug|Any CPU
		{91CE5C8F-B816-4727-8ACC-8E00B0CC4B3F}.Debug|Any CPU.Build.0 = Debug|Any CPU
		{91CE5C8F-B816-4727-8ACC-8E00B0CC4B3F}.Release|Any CPU.ActiveCfg = Release|Any CPU
		{91CE5C8F-B816-4727-8ACC-8E00B0CC4B3F}.Release|Any CPU.Build.0 = Release|Any CPU
		{C1D7EAE4-475D-4803-B581-BA990E6F07A1}.Debug|Any CPU.ActiveCfg = Debug|Any CPU
		{C1D7EAE4-475D-4803-B581-BA990E6F07A1}.Debug|Any CPU.Build.0 = Debug|Any CPU
		{C1D7EAE4-475D-4803-B581-BA990E6F07A1}.Release|Any CPU.ActiveCfg = Release|Any CPU
		{C1D7EAE4-475D-4803-B581-BA990E6F07A1}.Release|Any CPU.Build.0 = Release|Any CPU
	EndGlobalSection
	GlobalSection(SolutionProperties) = preSolution
		HideSolutionNode = FALSE
	EndGlobalSection
EndGlobal
