
Microsoft Visual Studio Solution File, Format Version 12.00
# Visual Studio 14
VisualStudioVersion = 14.0.24720.0
MinimumVisualStudioVersion = 10.0.40219.1
Project("{FAE04EC0-301F-11D3-BF4B-00C04F79EFBC}") = "AppDomains", "AppDomains\AppDomains.csproj", "{CC12462C-BC0F-48CA-9432-0D2580400EBC}"
EndProject
Project("{FAE04EC0-301F-11D3-BF4B-00C04F79EFBC}") = "AppDomainTests", "AppDomainTests\AppDomainTests.csproj", "{97230159-549A-434B-9F33-547A76FF4402}"
EndProject
Project("{FAE04EC0-301F-11D3-BF4B-00C04F79EFBC}") = "AppDomainsMAF", "AppDomainsMAF\AppDomainsMAF.csproj", "{C27BE740-9CAC-450C-A9DA-F3BAD9A46D7D}"
EndProject
Project("{FAE04EC0-301F-11D3-BF4B-00C04F79EFBC}") = "ExamplePluginV1", "ExamplePluginV1\ExamplePluginV1.csproj", "{75102D7B-C40D-4EF0-9075-0FCBB346E2A3}"
EndProject
Project("{FAE04EC0-301F-11D3-BF4B-00C04F79EFBC}") = "Contract", "Contract\Contract.csproj", "{32163689-7E78-4F51-AA54-BC9D72A79C5D}"
EndProject
Project("{FAE04EC0-301F-11D3-BF4B-00C04F79EFBC}") = "PluginView", "PluginView\PluginView.csproj", "{4AD1996A-5BCF-4B85-BF02-71ED558F0178}"
EndProject
Project("{2150E333-8FDC-42A3-9474-1A3956D46DE8}") = "Domains", "Domains", "{6A5A5D4C-F36A-4C02-AC00-8275B5DA0F2E}"
EndProject
Project("{2150E333-8FDC-42A3-9474-1A3956D46DE8}") = "MAF", "MAF", "{131A7953-6164-49B3-8A3C-BF4CADFFCF79}"
EndProject
Project("{FAE04EC0-301F-11D3-BF4B-00C04F79EFBC}") = "HostView", "HostView\HostView.csproj", "{21F32F69-BE82-49A7-8D35-E1E9B182E1C7}"
EndProject
Project("{FAE04EC0-301F-11D3-BF4B-00C04F79EFBC}") = "AddInSideAdapter", "AddInSideAdapter\AddInSideAdapter.csproj", "{0807C09B-8CB0-4744-8C7C-8FD3999EDE82}"
EndProject
Project("{FAE04EC0-301F-11D3-BF4B-00C04F79EFBC}") = "HostSideAdapter", "HostSideAdapter\HostSideAdapter.csproj", "{AD093972-279F-4699-98E4-2DFF47D3F9A0}"
EndProject
Project("{FAE04EC0-301F-11D3-BF4B-00C04F79EFBC}") = "MAFTests", "MAFTests\MAFTests.csproj", "{316D9E76-0031-4583-A72B-328CAEF9E18B}"
EndProject
Global
	GlobalSection(SolutionConfigurationPlatforms) = preSolution
		Debug|Any CPU = Debug|Any CPU
		Release|Any CPU = Release|Any CPU
	EndGlobalSection
	GlobalSection(ProjectConfigurationPlatforms) = postSolution
		{CC12462C-BC0F-48CA-9432-0D2580400EBC}.Debug|Any CPU.ActiveCfg = Debug|Any CPU
		{CC12462C-BC0F-48CA-9432-0D2580400EBC}.Debug|Any CPU.Build.0 = Debug|Any CPU
		{CC12462C-BC0F-48CA-9432-0D2580400EBC}.Release|Any CPU.ActiveCfg = Release|Any CPU
		{CC12462C-BC0F-48CA-9432-0D2580400EBC}.Release|Any CPU.Build.0 = Release|Any CPU
		{97230159-549A-434B-9F33-547A76FF4402}.Debug|Any CPU.ActiveCfg = Debug|Any CPU
		{97230159-549A-434B-9F33-547A76FF4402}.Debug|Any CPU.Build.0 = Debug|Any CPU
		{97230159-549A-434B-9F33-547A76FF4402}.Release|Any CPU.ActiveCfg = Release|Any CPU
		{97230159-549A-434B-9F33-547A76FF4402}.Release|Any CPU.Build.0 = Release|Any CPU
		{C27BE740-9CAC-450C-A9DA-F3BAD9A46D7D}.Debug|Any CPU.ActiveCfg = Debug|Any CPU
		{C27BE740-9CAC-450C-A9DA-F3BAD9A46D7D}.Debug|Any CPU.Build.0 = Debug|Any CPU
		{C27BE740-9CAC-450C-A9DA-F3BAD9A46D7D}.Release|Any CPU.ActiveCfg = Release|Any CPU
		{C27BE740-9CAC-450C-A9DA-F3BAD9A46D7D}.Release|Any CPU.Build.0 = Release|Any CPU
		{75102D7B-C40D-4EF0-9075-0FCBB346E2A3}.Debug|Any CPU.ActiveCfg = Debug|Any CPU
		{75102D7B-C40D-4EF0-9075-0FCBB346E2A3}.Debug|Any CPU.Build.0 = Debug|Any CPU
		{75102D7B-C40D-4EF0-9075-0FCBB346E2A3}.Release|Any CPU.ActiveCfg = Release|Any CPU
		{75102D7B-C40D-4EF0-9075-0FCBB346E2A3}.Release|Any CPU.Build.0 = Release|Any CPU
		{32163689-7E78-4F51-AA54-BC9D72A79C5D}.Debug|Any CPU.ActiveCfg = Debug|Any CPU
		{32163689-7E78-4F51-AA54-BC9D72A79C5D}.Debug|Any CPU.Build.0 = Debug|Any CPU
		{32163689-7E78-4F51-AA54-BC9D72A79C5D}.Release|Any CPU.ActiveCfg = Release|Any CPU
		{32163689-7E78-4F51-AA54-BC9D72A79C5D}.Release|Any CPU.Build.0 = Release|Any CPU
		{4AD1996A-5BCF-4B85-BF02-71ED558F0178}.Debug|Any CPU.ActiveCfg = Debug|Any CPU
		{4AD1996A-5BCF-4B85-BF02-71ED558F0178}.Debug|Any CPU.Build.0 = Debug|Any CPU
		{4AD1996A-5BCF-4B85-BF02-71ED558F0178}.Release|Any CPU.ActiveCfg = Release|Any CPU
		{4AD1996A-5BCF-4B85-BF02-71ED558F0178}.Release|Any CPU.Build.0 = Release|Any CPU
		{21F32F69-BE82-49A7-8D35-E1E9B182E1C7}.Debug|Any CPU.ActiveCfg = Debug|Any CPU
		{21F32F69-BE82-49A7-8D35-E1E9B182E1C7}.Debug|Any CPU.Build.0 = Debug|Any CPU
		{21F32F69-BE82-49A7-8D35-E1E9B182E1C7}.Release|Any CPU.ActiveCfg = Release|Any CPU
		{21F32F69-BE82-49A7-8D35-E1E9B182E1C7}.Release|Any CPU.Build.0 = Release|Any CPU
		{0807C09B-8CB0-4744-8C7C-8FD3999EDE82}.Debug|Any CPU.ActiveCfg = Debug|Any CPU
		{0807C09B-8CB0-4744-8C7C-8FD3999EDE82}.Debug|Any CPU.Build.0 = Debug|Any CPU
		{0807C09B-8CB0-4744-8C7C-8FD3999EDE82}.Release|Any CPU.ActiveCfg = Release|Any CPU
		{0807C09B-8CB0-4744-8C7C-8FD3999EDE82}.Release|Any CPU.Build.0 = Release|Any CPU
		{AD093972-279F-4699-98E4-2DFF47D3F9A0}.Debug|Any CPU.ActiveCfg = Debug|Any CPU
		{AD093972-279F-4699-98E4-2DFF47D3F9A0}.Debug|Any CPU.Build.0 = Debug|Any CPU
		{AD093972-279F-4699-98E4-2DFF47D3F9A0}.Release|Any CPU.ActiveCfg = Release|Any CPU
		{AD093972-279F-4699-98E4-2DFF47D3F9A0}.Release|Any CPU.Build.0 = Release|Any CPU
		{316D9E76-0031-4583-A72B-328CAEF9E18B}.Debug|Any CPU.ActiveCfg = Debug|Any CPU
		{316D9E76-0031-4583-A72B-328CAEF9E18B}.Debug|Any CPU.Build.0 = Debug|Any CPU
		{316D9E76-0031-4583-A72B-328CAEF9E18B}.Release|Any CPU.ActiveCfg = Release|Any CPU
		{316D9E76-0031-4583-A72B-328CAEF9E18B}.Release|Any CPU.Build.0 = Release|Any CPU
	EndGlobalSection
	GlobalSection(SolutionProperties) = preSolution
		HideSolutionNode = FALSE
	EndGlobalSection
	GlobalSection(NestedProjects) = preSolution
		{CC12462C-BC0F-48CA-9432-0D2580400EBC} = {6A5A5D4C-F36A-4C02-AC00-8275B5DA0F2E}
		{97230159-549A-434B-9F33-547A76FF4402} = {6A5A5D4C-F36A-4C02-AC00-8275B5DA0F2E}
		{C27BE740-9CAC-450C-A9DA-F3BAD9A46D7D} = {131A7953-6164-49B3-8A3C-BF4CADFFCF79}
		{75102D7B-C40D-4EF0-9075-0FCBB346E2A3} = {131A7953-6164-49B3-8A3C-BF4CADFFCF79}
		{32163689-7E78-4F51-AA54-BC9D72A79C5D} = {131A7953-6164-49B3-8A3C-BF4CADFFCF79}
		{4AD1996A-5BCF-4B85-BF02-71ED558F0178} = {131A7953-6164-49B3-8A3C-BF4CADFFCF79}
		{21F32F69-BE82-49A7-8D35-E1E9B182E1C7} = {131A7953-6164-49B3-8A3C-BF4CADFFCF79}
		{0807C09B-8CB0-4744-8C7C-8FD3999EDE82} = {131A7953-6164-49B3-8A3C-BF4CADFFCF79}
		{AD093972-279F-4699-98E4-2DFF47D3F9A0} = {131A7953-6164-49B3-8A3C-BF4CADFFCF79}
		{316D9E76-0031-4583-A72B-328CAEF9E18B} = {131A7953-6164-49B3-8A3C-BF4CADFFCF79}
	EndGlobalSection
EndGlobal
